
Microsoft Visual Studio Solution File, Format Version 12.00
# Visual Studio Version 16
VisualStudioVersion = 16.0.31129.286
MinimumVisualStudioVersion = 10.0.40219.1
Project("{FAE04EC0-301F-11D3-BF4B-00C04F79EFBC}") = "helal", "helal\helal.csproj", "{447FD692-9772-48E5-BDBC-ED332895C6E3}"
EndProject
Global
	GlobalSection(SolutionConfigurationPlatforms) = preSolution
		Debug|Any CPU = Debug|Any CPU
		Release|Any CPU = Release|Any CPU
	EndGlobalSection
	GlobalSection(ProjectConfigurationPlatforms) = postSolution
		{447FD692-9772-48E5-BDBC-ED332895C6E3}.Debug|Any CPU.ActiveCfg = Debug|Any CPU
		{447FD692-9772-48E5-BDBC-ED332895C6E3}.Debug|Any CPU.Build.0 = Debug|Any CPU
		{447FD692-9772-48E5-BDBC-ED332895C6E3}.Release|Any CPU.ActiveCfg = Release|Any CPU
		{447FD692-9772-48E5-BDBC-ED332895C6E3}.Release|Any CPU.Build.0 = Release|Any CPU
	EndGlobalSection
	GlobalSection(SolutionProperties) = preSolution
		HideSolutionNode = FALSE
	EndGlobalSection
	GlobalSection(ExtensibilityGlobals) = postSolution
		SolutionGuid = {44EFD6F1-B796-481A-9358-0DD895BDE663}
	EndGlobalSection
EndGlobal
